
Microsoft Visual Studio Solution File, Format Version 12.00
# Visual Studio Version 17
VisualStudioVersion = 17.8.34316.72
MinimumVisualStudioVersion = 10.0.40219.1
Project("{2150E333-8FDC-42A3-9474-1A3956D46DE8}") = "src", "src", "{49A64260-9349-49C1-B995-91B3CE74980B}"
EndProject
Project("{2150E333-8FDC-42A3-9474-1A3956D46DE8}") = "ServiceOne", "ServiceOne", "{3526F0E9-EA0F-4737-958A-A409E92CB94E}"
EndProject
Project("{2150E333-8FDC-42A3-9474-1A3956D46DE8}") = "ServiceTwo", "ServiceTwo", "{5810B60D-FE05-475F-884C-4774E965E31F}"
EndProject
Project("{9A19103F-16F7-4668-BE54-9A1E7A4F7556}") = "Futbol", "Futbol\Futbol.csproj", "{166A041E-A7E1-434B-BB7C-163CE09B3FF0}"
EndProject
Project("{E53339B2-1760-4266-BCC7-CA923CBCF16C}") = "docker-compose", "docker-compose.dcproj", "{30DBBBD9-5EFA-4A75-9839-1DCF4AF4C580}"
EndProject
Project("{2150E333-8FDC-42A3-9474-1A3956D46DE8}") = "Getaway.Api", "Getaway.Api", "{CBB79499-900D-4133-8243-7169F714DC21}"
EndProject
Project("{9A19103F-16F7-4668-BE54-9A1E7A4F7556}") = "GetawayFutbol", "GetawayFutbol\GetawayFutbol.csproj", "{BCE1FDA5-FEB7-4693-87F6-F0813C78F048}"
EndProject
Global
	GlobalSection(SolutionConfigurationPlatforms) = preSolution
		Debug|Any CPU = Debug|Any CPU
		Release|Any CPU = Release|Any CPU
	EndGlobalSection
	GlobalSection(ProjectConfigurationPlatforms) = postSolution
		{166A041E-A7E1-434B-BB7C-163CE09B3FF0}.Debug|Any CPU.ActiveCfg = Debug|Any CPU
		{166A041E-A7E1-434B-BB7C-163CE09B3FF0}.Debug|Any CPU.Build.0 = Debug|Any CPU
		{166A041E-A7E1-434B-BB7C-163CE09B3FF0}.Release|Any CPU.ActiveCfg = Release|Any CPU
		{166A041E-A7E1-434B-BB7C-163CE09B3FF0}.Release|Any CPU.Build.0 = Release|Any CPU
		{30DBBBD9-5EFA-4A75-9839-1DCF4AF4C580}.Debug|Any CPU.ActiveCfg = Debug|Any CPU
		{30DBBBD9-5EFA-4A75-9839-1DCF4AF4C580}.Debug|Any CPU.Build.0 = Debug|Any CPU
		{30DBBBD9-5EFA-4A75-9839-1DCF4AF4C580}.Release|Any CPU.ActiveCfg = Release|Any CPU
		{30DBBBD9-5EFA-4A75-9839-1DCF4AF4C580}.Release|Any CPU.Build.0 = Release|Any CPU
		{BCE1FDA5-FEB7-4693-87F6-F0813C78F048}.Debug|Any CPU.ActiveCfg = Debug|Any CPU
		{BCE1FDA5-FEB7-4693-87F6-F0813C78F048}.Debug|Any CPU.Build.0 = Debug|Any CPU
		{BCE1FDA5-FEB7-4693-87F6-F0813C78F048}.Release|Any CPU.ActiveCfg = Release|Any CPU
		{BCE1FDA5-FEB7-4693-87F6-F0813C78F048}.Release|Any CPU.Build.0 = Release|Any CPU
	EndGlobalSection
	GlobalSection(SolutionProperties) = preSolution
		HideSolutionNode = FALSE
	EndGlobalSection
	GlobalSection(NestedProjects) = preSolution
		{3526F0E9-EA0F-4737-958A-A409E92CB94E} = {49A64260-9349-49C1-B995-91B3CE74980B}
		{5810B60D-FE05-475F-884C-4774E965E31F} = {49A64260-9349-49C1-B995-91B3CE74980B}
		{166A041E-A7E1-434B-BB7C-163CE09B3FF0} = {3526F0E9-EA0F-4737-958A-A409E92CB94E}
		{CBB79499-900D-4133-8243-7169F714DC21} = {49A64260-9349-49C1-B995-91B3CE74980B}
		{BCE1FDA5-FEB7-4693-87F6-F0813C78F048} = {CBB79499-900D-4133-8243-7169F714DC21}
	EndGlobalSection
	GlobalSection(ExtensibilityGlobals) = postSolution
		SolutionGuid = {BFEDF3B8-5CF4-4CA6-89E0-DDF62FCC7B3B}
	EndGlobalSection
EndGlobal
